DEPENDENCIES
  fuelphp
    path: site-cookbooks/fuelphp

GRAPH
  apache2 (3.2.2)
  apt (4.0.1)
    compat_resource (>= 12.10)
  compat_resource (12.10.6)
  fuelphp (0.1.0)
    apache2 (~> 3.2.2)
    mariadb (~> 0.3.1)
    yum-remi-chef (~> 1.2.0)
  mariadb (0.3.1)
    apt (>= 0.0.0)
    yum (>= 0.0.0)
    yum-epel (>= 0.0.0)
  yum (3.11.0)
  yum-epel (0.7.0)
    yum (>= 3.6.3)
  yum-remi-chef (1.2.0)
    yum (~> 3.2)
    yum-epel (>= 0.0.0)
